Microsoft Visual Studio Solution File, Format Version 12.00
# Visual Studio Version 17
VisualStudioVersion = 17.12.35527.113
MinimumVisualStudioVersion = 10.0.40219.1
Project("{FAE04EC0-301F-11D3-BF4B-00C04F79EFBC}") = "GenesisFEPortalWebApp.AppHost", "GenesisFEPortalWebApp.AppHost\GenesisFEPortalWebApp.AppHost.csproj", "{D4D41620-02A6-4F32-B7A5-9769B443E9A4}"
EndProject
Project("{FAE04EC0-301F-11D3-BF4B-00C04F79EFBC}") = "GenesisFEPortalWebApp.ServiceDefaults", "GenesisFEPortalWebApp.ServiceDefaults\GenesisFEPortalWebApp.ServiceDefaults.csproj", "{52498307-64C9-4EC1-A181-9A165AE0B567}"
EndProject
Project("{FAE04EC0-301F-11D3-BF4B-00C04F79EFBC}") = "GenesisFEPortalWebApp.ApiService", "GenesisFEPortalWebApp.ApiService\GenesisFEPortalWebApp.ApiService.csproj", "{24E5518A-CDA7-4D41-A0CD-E5CC8825EF15}"
EndProject
Project("{FAE04EC0-301F-11D3-BF4B-00C04F79EFBC}") = "GenesisFEPortalWebApp.Web", "GenesisFEPortalWebApp.Web\GenesisFEPortalWebApp.Web.csproj", "{1A4F1C38-6219-4E5B-B160-AA1EA82DABDE}"
EndProject
Project("{FAE04EC0-301F-11D3-BF4B-00C04F79EFBC}") = "GenesisFEPortalWebApp.BL", "GenesisFEPortalWebApp.BL\GenesisFEPortalWebApp.BL.csproj", "{DC3AF9A5-0662-467B-9DD8-DB1E5ECF53C9}"
EndProject
Project("{FAE04EC0-301F-11D3-BF4B-00C04F79EFBC}") = "GenesisFEPortalWebApp.Models", "GenesisFEPortalWebApp.Models\GenesisFEPortalWebApp.Models.csproj", "{375D4E92-0866-4C71-80EC-98875EC8E2EA}"
EndProject
Project("{FAE04EC0-301F-11D3-BF4B-00C04F79EFBC}") = "GenesisFEPortalWebApp.Database", "GenesisFEPortalWebApp.Database\GenesisFEPortalWebApp.Database.csproj", "{7FA9D3AE-C57E-4289-B820-8FB55DA5C611}"
EndProject
Project("{FAE04EC0-301F-11D3-BF4B-00C04F79EFBC}") = "GenesisFEPortalWebApp.Utilities", "GenesisFEPortalWebApp.Utilities\GenesisFEPortalWebApp.Utilities.csproj", "{62840257-DC19-4DAE-94B7-01E80299CC2F}"
EndProject
Global
	GlobalSection(SolutionConfigurationPlatforms) = preSolution
		Debug|Any CPU = Debug|Any CPU
		Release|Any CPU = Release|Any CPU
	EndGlobalSection
	GlobalSection(ProjectConfigurationPlatforms) = postSolution
		{D4D41620-02A6-4F32-B7A5-9769B443E9A4}.Debug|Any CPU.ActiveCfg = Debug|Any CPU
		{D4D41620-02A6-4F32-B7A5-9769B443E9A4}.Debug|Any CPU.Build.0 = Debug|Any CPU
		{D4D41620-02A6-4F32-B7A5-9769B443E9A4}.Release|Any CPU.ActiveCfg = Release|Any CPU
		{D4D41620-02A6-4F32-B7A5-9769B443E9A4}.Release|Any CPU.Build.0 = Release|Any CPU
		{52498307-64C9-4EC1-A181-9A165AE0B567}.Debug|Any CPU.ActiveCfg = Debug|Any CPU
		{52498307-64C9-4EC1-A181-9A165AE0B567}.Debug|Any CPU.Build.0 = Debug|Any CPU
		{52498307-64C9-4EC1-A181-9A165AE0B567}.Release|Any CPU.ActiveCfg = Release|Any CPU
		{52498307-64C9-4EC1-A181-9A165AE0B567}.Release|Any CPU.Build.0 = Release|Any CPU
		{24E5518A-CDA7-4D41-A0CD-E5CC8825EF15}.Debug|Any CPU.ActiveCfg = Debug|Any CPU
		{24E5518A-CDA7-4D41-A0CD-E5CC8825EF15}.Debug|Any CPU.Build.0 = Debug|Any CPU
		{24E5518A-CDA7-4D41-A0CD-E5CC8825EF15}.Release|Any CPU.ActiveCfg = Release|Any CPU
		{24E5518A-CDA7-4D41-A0CD-E5CC8825EF15}.Release|Any CPU.Build.0 = Release|Any CPU
		{1A4F1C38-6219-4E5B-B160-AA1EA82DABDE}.Debug|Any CPU.ActiveCfg = Debug|Any CPU
		{1A4F1C38-6219-4E5B-B160-AA1EA82DABDE}.Debug|Any CPU.Build.0 = Debug|Any CPU
		{1A4F1C38-6219-4E5B-B160-AA1EA82DABDE}.Release|Any CPU.ActiveCfg = Release|Any CPU
		{1A4F1C38-6219-4E5B-B160-AA1EA82DABDE}.Release|Any CPU.Build.0 = Release|Any CPU
		{DC3AF9A5-0662-467B-9DD8-DB1E5ECF53C9}.Debug|Any CPU.ActiveCfg = Debug|Any CPU
		{DC3AF9A5-0662-467B-9DD8-DB1E5ECF53C9}.Debug|Any CPU.Build.0 = Debug|Any CPU
		{DC3AF9A5-0662-467B-9DD8-DB1E5ECF53C9}.Release|Any CPU.ActiveCfg = Release|Any CPU
		{DC3AF9A5-0662-467B-9DD8-DB1E5ECF53C9}.Release|Any CPU.Build.0 = Release|Any CPU
		{375D4E92-0866-4C71-80EC-98875EC8E2EA}.Debug|Any CPU.ActiveCfg = Debug|Any CPU
		{375D4E92-0866-4C71-80EC-98875EC8E2EA}.Debug|Any CPU.Build.0 = Debug|Any CPU
		{375D4E92-0866-4C71-80EC-98875EC8E2EA}.Release|Any CPU.ActiveCfg = Release|Any CPU
		{375D4E92-0866-4C71-80EC-98875EC8E2EA}.Release|Any CPU.Build.0 = Release|Any CPU
		{7FA9D3AE-C57E-4289-B820-8FB55DA5C611}.Debug|Any CPU.ActiveCfg = Debug|Any CPU
		{7FA9D3AE-C57E-4289-B820-8FB55DA5C611}.Debug|Any CPU.Build.0 = Debug|Any CPU
		{7FA9D3AE-C57E-4289-B820-8FB55DA5C611}.Release|Any CPU.ActiveCfg = Release|Any CPU
		{7FA9D3AE-C57E-4289-B820-8FB55DA5C611}.Release|Any CPU.Build.0 = Release|Any CPU
		{62840257-DC19-4DAE-94B7-01E80299CC2F}.Debug|Any CPU.ActiveCfg = Debug|Any CPU
		{62840257-DC19-4DAE-94B7-01E80299CC2F}.Debug|Any CPU.Build.0 = Debug|Any CPU
		{62840257-DC19-4DAE-94B7-01E80299CC2F}.Release|Any CPU.ActiveCfg = Release|Any CPU
		{62840257-DC19-4DAE-94B7-01E80299CC2F}.Release|Any CPU.Build.0 = Release|Any CPU
	EndGlobalSection
	GlobalSection(SolutionProperties) = preSolution
		HideSolutionNode = FALSE
	EndGlobalSection
EndGlobal
